
Microsoft Visual Studio Solution File, Format Version 12.00
# Visual Studio Version 16
VisualStudioVersion = 16.0.30517.126
MinimumVisualStudioVersion = 10.0.40219.1
Project("{FAE04EC0-301F-11D3-BF4B-00C04F79EFBC}") = "MyWebsite", "MyWebsite\MyWebsite.csproj", "{FEFE1A6A-1CEF-4739-A82C-EF57744A2696}"
EndProject
Global
	GlobalSection(SolutionConfigurationPlatforms) = preSolution
		Debug|Any CPU = Debug|Any CPU
		Release|Any CPU = Release|Any CPU
	EndGlobalSection
	GlobalSection(ProjectConfigurationPlatforms) = postSolution
		{FEFE1A6A-1CEF-4739-A82C-EF57744A2696}.Debug|Any CPU.ActiveCfg = Debug|Any CPU
		{FEFE1A6A-1CEF-4739-A82C-EF57744A2696}.Debug|Any CPU.Build.0 = Debug|Any CPU
		{FEFE1A6A-1CEF-4739-A82C-EF57744A2696}.Release|Any CPU.ActiveCfg = Release|Any CPU
		{FEFE1A6A-1CEF-4739-A82C-EF57744A2696}.Release|Any CPU.Build.0 = Release|Any CPU
	EndGlobalSection
	GlobalSection(SolutionProperties) = preSolution
		HideSolutionNode = FALSE
	EndGlobalSection
	GlobalSection(ExtensibilityGlobals) = postSolution
		SolutionGuid = {D8D62B8B-11F2-4F44-B536-59CB241F9A69}
	EndGlobalSection
EndGlobal
